
Microsoft Visual Studio Solution File, Format Version 12.00
# Visual Studio Version 17
VisualStudioVersion = 17.7.34031.279
MinimumVisualStudioVersion = 10.0.40219.1
Project("{9A19103F-16F7-4668-BE54-9A1E7A4F7556}") = "SessionVerifierClient", "SessionVerifierClient\SessionVerifierClient.csproj", "{01FC627B-9A38-4B09-8C93-6442081BD135}"
EndProject
Project("{FAE04EC0-301F-11D3-BF4B-00C04F79EFBC}") = "SessionVerifierConsole", "SessionVerifierConsole\SessionVerifierConsole.csproj", "{09A44BC8-58B2-4ECE-BFC1-22DE63DB68F0}"
EndProject
Global
	GlobalSection(SolutionConfigurationPlatforms) = preSolution
		Debug|Any CPU = Debug|Any CPU
		Release|Any CPU = Release|Any CPU
	EndGlobalSection
	GlobalSection(ProjectConfigurationPlatforms) = postSolution
		{01FC627B-9A38-4B09-8C93-6442081BD135}.Debug|Any CPU.ActiveCfg = Debug|Any CPU
		{01FC627B-9A38-4B09-8C93-6442081BD135}.Debug|Any CPU.Build.0 = Debug|Any CPU
		{01FC627B-9A38-4B09-8C93-6442081BD135}.Release|Any CPU.ActiveCfg = Release|Any CPU
		{01FC627B-9A38-4B09-8C93-6442081BD135}.Release|Any CPU.Build.0 = Release|Any CPU
		{09A44BC8-58B2-4ECE-BFC1-22DE63DB68F0}.Debug|Any CPU.ActiveCfg = Debug|Any CPU
		{09A44BC8-58B2-4ECE-BFC1-22DE63DB68F0}.Debug|Any CPU.Build.0 = Debug|Any CPU
		{09A44BC8-58B2-4ECE-BFC1-22DE63DB68F0}.Release|Any CPU.ActiveCfg = Release|Any CPU
		{09A44BC8-58B2-4ECE-BFC1-22DE63DB68F0}.Release|Any CPU.Build.0 = Release|Any CPU
	EndGlobalSection
	GlobalSection(SolutionProperties) = preSolution
		HideSolutionNode = FALSE
	EndGlobalSection
	GlobalSection(ExtensibilityGlobals) = postSolution
		SolutionGuid = {5727015C-B622-4D0D-94F7-E8861BE9D0B0}
	EndGlobalSection
EndGlobal
